
Microsoft Visual Studio Solution File, Format Version 10.00
# Visual Studio 2008
Project("{F2A71F9B-5D33-465A-A702-920D77279786}") = "hierarch", "hierarch.fsproj", "{C45412CC-08B2-458A-AD6C-CAF904B8CBE0}"
EndProject
Global
	GlobalSection(SolutionConfigurationPlatforms) = preSolution
		Debug|Any CPU = Debug|Any CPU
		Release|Any CPU = Release|Any CPU
	EndGlobalSection
	GlobalSection(ProjectConfigurationPlatforms) = postSolution
		{C45412CC-08B2-458A-AD6C-CAF904B8CBE0}.Debug|Any CPU.ActiveCfg = Debug|Any CPU
		{C45412CC-08B2-458A-AD6C-CAF904B8CBE0}.Debug|Any CPU.Build.0 = Debug|Any CPU
		{C45412CC-08B2-458A-AD6C-CAF904B8CBE0}.Release|Any CPU.ActiveCfg = Release|Any CPU
		{C45412CC-08B2-458A-AD6C-CAF904B8CBE0}.Release|Any CPU.Build.0 = Release|Any CPU
	EndGlobalSection
	GlobalSection(SolutionProperties) = preSolution
		HideSolutionNode = FALSE
	EndGlobalSection
EndGlobal
